
Microsoft Visual Studio Solution File, Format Version 12.00
# Visual Studio Version 17
VisualStudioVersion = 17.10.34928.147
MinimumVisualStudioVersion = 10.0.40219.1
Project("{FAE04EC0-301F-11D3-BF4B-00C04F79EFBC}") = "Assignment_10_1_Final_Group_Project", "Assignment_10_1_Final_Group_Project.csproj", "{7D7152BD-67B0-4FC2-8996-833405A6C9E3}"
EndProject
Global
	GlobalSection(SolutionConfigurationPlatforms) = preSolution
		Debug|Any CPU = Debug|Any CPU
		Release|Any CPU = Release|Any CPU
	EndGlobalSection
	GlobalSection(ProjectConfigurationPlatforms) = postSolution
		{7D7152BD-67B0-4FC2-8996-833405A6C9E3}.Debug|Any CPU.ActiveCfg = Debug|Any CPU
		{7D7152BD-67B0-4FC2-8996-833405A6C9E3}.Debug|Any CPU.Build.0 = Debug|Any CPU
		{7D7152BD-67B0-4FC2-8996-833405A6C9E3}.Release|Any CPU.ActiveCfg = Release|Any CPU
		{7D7152BD-67B0-4FC2-8996-833405A6C9E3}.Release|Any CPU.Build.0 = Release|Any CPU
	EndGlobalSection
	GlobalSection(SolutionProperties) = preSolution
		HideSolutionNode = FALSE
	EndGlobalSection
	GlobalSection(ExtensibilityGlobals) = postSolution
		SolutionGuid = {36B4FC15-33DC-4CD1-835B-944B80F8131A}
	EndGlobalSection
EndGlobal
